# THIS IS AN AUTOGENERATED FILE. DO NOT EDIT THIS FILE DIRECTLY.
# yarn lockfile v1


"@babel/code-frame@^7.0.0":
  version "7.24.7"
  resolved "https://registry.npmmirror.com/@babel/code-frame/-/code-frame-7.24.7.tgz#882fd9e09e8ee324e496bd040401c6f046ef4465"
  integrity sha512-BcYH1CVJBO9tvyIZ2jVeXgSIMvGZ2FDRvDdOIVQyuklNKSsx+eppDEBq/g47Ayw+RqNFE+URvOShmf+f/qwAlA==
  dependencies:
    "@babel/highlight" "^7.24.7"
    picocolors "^1.0.0"

"@babel/helper-string-parser@^7.24.8":
  version "7.24.8"
  resolved "https://registry.npmmirror.com/@babel/helper-string-parser/-/helper-string-parser-7.24.8.tgz"
  integrity sha512-pO9KhhRcuUyGnJWwyEgnRJTSIZHiT+vMD0kPeD+so0l7mxkMT19g3pjY9GTnHySck/hDzq+dtW/4VgnMkippsQ==

"@babel/helper-validator-identifier@^7.24.7":
  version "7.24.7"
  resolved "https://registry.npmmirror.com/@babel/helper-validator-identifier/-/helper-validator-identifier-7.24.7.tgz"
  integrity sha512-rR+PBcQ1SMQDDyF6X0wxtG8QyLCgUB0eRAGguqRLfkCA87l7yAP7ehq8SNj96OOGTO8OBV70KhuFYcIkHXOg0w==

"@babel/highlight@^7.24.7":
  version "7.24.7"
  resolved "https://registry.npmmirror.com/@babel/highlight/-/highlight-7.24.7.tgz#a05ab1df134b286558aae0ed41e6c5f731bf409d"
  integrity sha512-EStJpq4OuY8xYfhGVXngigBJRWxftKX9ksiGDnmlY3o7B/V7KIAc9X4oiK87uPJSc/vs5L869bem5fhZa8caZw==
  dependencies:
    "@babel/helper-validator-identifier" "^7.24.7"
    chalk "^2.4.2"
    js-tokens "^4.0.0"
    picocolors "^1.0.0"

"@babel/parser@^7.24.7":
  version "7.25.3"
  resolved "https://registry.npmmirror.com/@babel/parser/-/parser-7.25.3.tgz"
  integrity sha512-iLTJKDbJ4hMvFPgQwwsVoxtHyWpKKPBrxkANrSYewDPaPpT5py5yeVkgPIJ7XYXhndxJpaA3PyALSXQ7u8e/Dw==
  dependencies:
    "@babel/types" "^7.25.2"

"@babel/runtime@^7.7.2":
  version "7.25.0"
  resolved "https://registry.npmmirror.com/@babel/runtime/-/runtime-7.25.0.tgz#3af9a91c1b739c569d5d80cc917280919c544ecb"
  integrity sha512-7dRy4DwXwtzBrPbZflqxnvfxLF8kdZXPkhymtDeFoFqE6ldzjQFgYTtYIFARcLEYDrqfBfYcZt1WqFxRoyC9Rw==
  dependencies:
    regenerator-runtime "^0.14.0"

"@babel/types@^7.25.2":
  version "7.25.2"
  resolved "https://registry.npmmirror.com/@babel/types/-/types-7.25.2.tgz"
  integrity sha512-YTnYtra7W9e6/oAZEHj0bJehPRUlLH9/fbpT5LfB0NhQXyALCRkRs3zH9v07IYhkgpqX6Z78FnuccZr/l4Fs4Q==
  dependencies:
    "@babel/helper-string-parser" "^7.24.8"
    "@babel/helper-validator-identifier" "^7.24.7"
    to-fast-properties "^2.0.0"

"@esbuild/aix-ppc64@0.21.5":
  version "0.21.5"
  resolved "https://registry.npmmirror.com/@esbuild/aix-ppc64/-/aix-ppc64-0.21.5.tgz#c7184a326533fcdf1b8ee0733e21c713b975575f"
  integrity sha512-1SDgH6ZSPTlggy1yI6+Dbkiz8xzpHJEVAlF/AM1tHPLsf5STom9rwtjE4hKAF20FfXXNTFqEYXyJNWh1GiZedQ==

"@esbuild/android-arm64@0.21.5":
  version "0.21.5"
  resolved "https://registry.npmmirror.com/@esbuild/android-arm64/-/android-arm64-0.21.5.tgz#09d9b4357780da9ea3a7dfb833a1f1ff439b4052"
  integrity sha512-c0uX9VAUBQ7dTDCjq+wdyGLowMdtR/GoC2U5IYk/7D1H1JYC0qseD7+11iMP2mRLN9RcCMRcjC4YMclCzGwS/A==

"@esbuild/android-arm@0.21.5":
  version "0.21.5"
  resolved "https://registry.npmmirror.com/@esbuild/android-arm/-/android-arm-0.21.5.tgz#9b04384fb771926dfa6d7ad04324ecb2ab9b2e28"
  integrity sha512-vCPvzSjpPHEi1siZdlvAlsPxXl7WbOVUBBAowWug4rJHb68Ox8KualB+1ocNvT5fjv6wpkX6o/iEpbDrf68zcg==

"@esbuild/android-x64@0.21.5":
  version "0.21.5"
  resolved "https://registry.npmmirror.com/@esbuild/android-x64/-/android-x64-0.21.5.tgz#29918ec2db754cedcb6c1b04de8cd6547af6461e"
  integrity sha512-D7aPRUUNHRBwHxzxRvp856rjUHRFW1SdQATKXH2hqA0kAZb1hKmi02OpYRacl0TxIGz/ZmXWlbZgjwWYaCakTA==

"@esbuild/darwin-arm64@0.21.5":
  version "0.21.5"
  resolved "https://registry.npmmirror.com/@esbuild/darwin-arm64/-/darwin-arm64-0.21.5.tgz#e495b539660e51690f3928af50a76fb0a6ccff2a"
  integrity sha512-DwqXqZyuk5AiWWf3UfLiRDJ5EDd49zg6O9wclZ7kUMv2WRFr4HKjXp/5t8JZ11QbQfUS6/cRCKGwYhtNAY88kQ==

"@esbuild/darwin-x64@0.21.5":
  version "0.21.5"
  resolved "https://registry.npmmirror.com/@esbuild/darwin-x64/-/darwin-x64-0.21.5.tgz#c13838fa57372839abdddc91d71542ceea2e1e22"
  integrity sha512-se/JjF8NlmKVG4kNIuyWMV/22ZaerB+qaSi5MdrXtd6R08kvs2qCN4C09miupktDitvh8jRFflwGFBQcxZRjbw==

"@esbuild/freebsd-arm64@0.21.5":
  version "0.21.5"
  resolved "https://registry.npmmirror.com/@esbuild/freebsd-arm64/-/freebsd-arm64-0.21.5.tgz#646b989aa20bf89fd071dd5dbfad69a3542e550e"
  integrity sha512-5JcRxxRDUJLX8JXp/wcBCy3pENnCgBR9bN6JsY4OmhfUtIHe3ZW0mawA7+RDAcMLrMIZaf03NlQiX9DGyB8h4g==

"@esbuild/freebsd-x64@0.21.5":
  version "0.21.5"
  resolved "https://registry.npmmirror.com/@esbuild/freebsd-x64/-/freebsd-x64-0.21.5.tgz#aa615cfc80af954d3458906e38ca22c18cf5c261"
  integrity sha512-J95kNBj1zkbMXtHVH29bBriQygMXqoVQOQYA+ISs0/2l3T9/kj42ow2mpqerRBxDJnmkUDCaQT/dfNXWX/ZZCQ==

"@esbuild/linux-arm64@0.21.5":
  version "0.21.5"
  resolved "https://registry.npmmirror.com/@esbuild/linux-arm64/-/linux-arm64-0.21.5.tgz#70ac6fa14f5cb7e1f7f887bcffb680ad09922b5b"
  integrity sha512-ibKvmyYzKsBeX8d8I7MH/TMfWDXBF3db4qM6sy+7re0YXya+K1cem3on9XgdT2EQGMu4hQyZhan7TeQ8XkGp4Q==

"@esbuild/linux-arm@0.21.5":
  version "0.21.5"
  resolved "https://registry.npmmirror.com/@esbuild/linux-arm/-/linux-arm-0.21.5.tgz#fc6fd11a8aca56c1f6f3894f2bea0479f8f626b9"
  integrity sha512-bPb5AHZtbeNGjCKVZ9UGqGwo8EUu4cLq68E95A53KlxAPRmUyYv2D6F0uUI65XisGOL1hBP5mTronbgo+0bFcA==

"@esbuild/linux-ia32@0.21.5":
  version "0.21.5"
  resolved "https://registry.npmmirror.com/@esbuild/linux-ia32/-/linux-ia32-0.21.5.tgz#3271f53b3f93e3d093d518d1649d6d68d346ede2"
  integrity sha512-YvjXDqLRqPDl2dvRODYmmhz4rPeVKYvppfGYKSNGdyZkA01046pLWyRKKI3ax8fbJoK5QbxblURkwK/MWY18Tg==

"@esbuild/linux-loong64@0.21.5":
  version "0.21.5"
  resolved "https://registry.npmmirror.com/@esbuild/linux-loong64/-/linux-loong64-0.21.5.tgz#ed62e04238c57026aea831c5a130b73c0f9f26df"
  integrity sha512-uHf1BmMG8qEvzdrzAqg2SIG/02+4/DHB6a9Kbya0XDvwDEKCoC8ZRWI5JJvNdUjtciBGFQ5PuBlpEOXQj+JQSg==

"@esbuild/linux-mips64el@0.21.5":
  version "0.21.5"
  resolved "https://registry.npmmirror.com/@esbuild/linux-mips64el/-/linux-mips64el-0.21.5.tgz#e79b8eb48bf3b106fadec1ac8240fb97b4e64cbe"
  integrity sha512-IajOmO+KJK23bj52dFSNCMsz1QP1DqM6cwLUv3W1QwyxkyIWecfafnI555fvSGqEKwjMXVLokcV5ygHW5b3Jbg==

"@esbuild/linux-ppc64@0.21.5":
  version "0.21.5"
  resolved "https://registry.npmmirror.com/@esbuild/linux-ppc64/-/linux-ppc64-0.21.5.tgz#5f2203860a143b9919d383ef7573521fb154c3e4"
  integrity sha512-1hHV/Z4OEfMwpLO8rp7CvlhBDnjsC3CttJXIhBi+5Aj5r+MBvy4egg7wCbe//hSsT+RvDAG7s81tAvpL2XAE4w==

"@esbuild/linux-riscv64@0.21.5":
  version "0.21.5"
  resolved "https://registry.npmmirror.com/@esbuild/linux-riscv64/-/linux-riscv64-0.21.5.tgz#07bcafd99322d5af62f618cb9e6a9b7f4bb825dc"
  integrity sha512-2HdXDMd9GMgTGrPWnJzP2ALSokE/0O5HhTUvWIbD3YdjME8JwvSCnNGBnTThKGEB91OZhzrJ4qIIxk/SBmyDDA==

"@esbuild/linux-s390x@0.21.5":
  version "0.21.5"
  resolved "https://registry.npmmirror.com/@esbuild/linux-s390x/-/linux-s390x-0.21.5.tgz#b7ccf686751d6a3e44b8627ababc8be3ef62d8de"
  integrity sha512-zus5sxzqBJD3eXxwvjN1yQkRepANgxE9lgOW2qLnmr8ikMTphkjgXu1HR01K4FJg8h1kEEDAqDcZQtbrRnB41A==

"@esbuild/linux-x64@0.21.5":
  version "0.21.5"
  resolved "https://registry.npmmirror.com/@esbuild/linux-x64/-/linux-x64-0.21.5.tgz#6d8f0c768e070e64309af8004bb94e68ab2bb3b0"
  integrity sha512-1rYdTpyv03iycF1+BhzrzQJCdOuAOtaqHTWJZCWvijKD2N5Xu0TtVC8/+1faWqcP9iBCWOmjmhoH94dH82BxPQ==

"@esbuild/netbsd-x64@0.21.5":
  version "0.21.5"
  resolved "https://registry.npmmirror.com/@esbuild/netbsd-x64/-/netbsd-x64-0.21.5.tgz#bbe430f60d378ecb88decb219c602667387a6047"
  integrity sha512-Woi2MXzXjMULccIwMnLciyZH4nCIMpWQAs049KEeMvOcNADVxo0UBIQPfSmxB3CWKedngg7sWZdLvLczpe0tLg==

"@esbuild/openbsd-x64@0.21.5":
  version "0.21.5"
  resolved "https://registry.npmmirror.com/@esbuild/openbsd-x64/-/openbsd-x64-0.21.5.tgz#99d1cf2937279560d2104821f5ccce220cb2af70"
  integrity sha512-HLNNw99xsvx12lFBUwoT8EVCsSvRNDVxNpjZ7bPn947b8gJPzeHWyNVhFsaerc0n3TsbOINvRP2byTZ5LKezow==

"@esbuild/sunos-x64@0.21.5":
  version "0.21.5"
  resolved "https://registry.npmmirror.com/@esbuild/sunos-x64/-/sunos-x64-0.21.5.tgz#08741512c10d529566baba837b4fe052c8f3487b"
  integrity sha512-6+gjmFpfy0BHU5Tpptkuh8+uw3mnrvgs+dSPQXQOv3ekbordwnzTVEb4qnIvQcYXq6gzkyTnoZ9dZG+D4garKg==

"@esbuild/win32-arm64@0.21.5":
  version "0.21.5"
  resolved "https://registry.npmmirror.com/@esbuild/win32-arm64/-/win32-arm64-0.21.5.tgz#675b7385398411240735016144ab2e99a60fc75d"
  integrity sha512-Z0gOTd75VvXqyq7nsl93zwahcTROgqvuAcYDUr+vOv8uHhNSKROyU961kgtCD1e95IqPKSQKH7tBTslnS3tA8A==

"@esbuild/win32-ia32@0.21.5":
  version "0.21.5"
  resolved "https://registry.npmmirror.com/@esbuild/win32-ia32/-/win32-ia32-0.21.5.tgz#1bfc3ce98aa6ca9a0969e4d2af72144c59c1193b"
  integrity sha512-SWXFF1CL2RVNMaVs+BBClwtfZSvDgtL//G/smwAc5oVK/UPu2Gu9tIaRgFmYFFKrmg3SyAjSrElf0TiJ1v8fYA==

"@esbuild/win32-x64@0.21.5":
  version "0.21.5"
  resolved "https://registry.npmmirror.com/@esbuild/win32-x64/-/win32-x64-0.21.5.tgz"
  integrity sha512-tQd/1efJuzPC6rCFwEvLtci/xNFcTZknmXs98FYDfGE4wP9ClFV98nyKrzJKVPMhdDnjzLhdUyMX4PsQAPjwIw==

"@jridgewell/sourcemap-codec@^1.5.0":
  version "1.5.0"
  resolved "https://registry.npmmirror.com/@jridgewell/sourcemap-codec/-/sourcemap-codec-1.5.0.tgz"
  integrity sha512-gv3ZRaISU3fjPAgNsriBRqGWQL6quFx04YMPW/zD8XMLsU32mhCCbfbO6KZFLjvYpCZ8zyDEgqsgf+PwPaM7GQ==

"@rollup/rollup-android-arm-eabi@4.19.2":
  version "4.19.2"
  resolved "https://registry.npmmirror.com/@rollup/rollup-android-arm-eabi/-/rollup-android-arm-eabi-4.19.2.tgz#6b991cb44bf69e50163528ea85bed545330ba821"
  integrity sha512-OHflWINKtoCFSpm/WmuQaWW4jeX+3Qt3XQDepkkiFTsoxFc5BpF3Z5aDxFZgBqRjO6ATP5+b1iilp4kGIZVWlA==

"@rollup/rollup-android-arm64@4.19.2":
  version "4.19.2"
  resolved "https://registry.npmmirror.com/@rollup/rollup-android-arm64/-/rollup-android-arm64-4.19.2.tgz#5d3c8c2f9742d62ba258cc378bd2d4720f0c431c"
  integrity sha512-k0OC/b14rNzMLDOE6QMBCjDRm3fQOHAL8Ldc9bxEWvMo4Ty9RY6rWmGetNTWhPo+/+FNd1lsQYRd0/1OSix36A==

"@rollup/rollup-darwin-arm64@4.19.2":
  version "4.19.2"
  resolved "https://registry.npmmirror.com/@rollup/rollup-darwin-arm64/-/rollup-darwin-arm64-4.19.2.tgz#8eac8682a34a705bb6a57eb3e739fd6bbedfabed"
  integrity sha512-IIARRgWCNWMTeQH+kr/gFTHJccKzwEaI0YSvtqkEBPj7AshElFq89TyreKNFAGh5frLfDCbodnq+Ye3dqGKPBw==

"@rollup/rollup-darwin-x64@4.19.2":
  version "4.19.2"
  resolved "https://registry.npmmirror.com/@rollup/rollup-darwin-x64/-/rollup-darwin-x64-4.19.2.tgz#70a9953fc624bd7f645901f4250f6b5807ac7e92"
  integrity sha512-52udDMFDv54BTAdnw+KXNF45QCvcJOcYGl3vQkp4vARyrcdI/cXH8VXTEv/8QWfd6Fru8QQuw1b2uNersXOL0g==

"@rollup/rollup-linux-arm-gnueabihf@4.19.2":
  version "4.19.2"
  resolved "https://registry.npmmirror.com/@rollup/rollup-linux-arm-gnueabihf/-/rollup-linux-arm-gnueabihf-4.19.2.tgz#8f6c4ff4c4972413ff94345080380d4e3caa3c69"
  integrity sha512-r+SI2t8srMPYZeoa1w0o/AfoVt9akI1ihgazGYPQGRilVAkuzMGiTtexNZkrPkQsyFrvqq/ni8f3zOnHw4hUbA==

"@rollup/rollup-linux-arm-musleabihf@4.19.2":
  version "4.19.2"
  resolved "https://registry.npmmirror.com/@rollup/rollup-linux-arm-musleabihf/-/rollup-linux-arm-musleabihf-4.19.2.tgz#5d3c0fe5ea5ddf2feb511b3cb031df17eaa7e33d"
  integrity sha512-+tYiL4QVjtI3KliKBGtUU7yhw0GMcJJuB9mLTCEauHEsqfk49gtUBXGtGP3h1LW8MbaTY6rSFIQV1XOBps1gBA==

"@rollup/rollup-linux-arm64-gnu@4.19.2":
  version "4.19.2"
  resolved "https://registry.npmmirror.com/@rollup/rollup-linux-arm64-gnu/-/rollup-linux-arm64-gnu-4.19.2.tgz#b7f104388b2f5624d9f8adfff10ba59af8ab8ed1"
  integrity sha512-OR5DcvZiYN75mXDNQQxlQPTv4D+uNCUsmSCSY2FolLf9W5I4DSoJyg7z9Ea3TjKfhPSGgMJiey1aWvlWuBzMtg==

"@rollup/rollup-linux-arm64-musl@4.19.2":
  version "4.19.2"
  resolved "https://registry.npmmirror.com/@rollup/rollup-linux-arm64-musl/-/rollup-linux-arm64-musl-4.19.2.tgz#6d5ca6d3904309bec285ea5202d589cebb93dee4"
  integrity sha512-Hw3jSfWdUSauEYFBSFIte6I8m6jOj+3vifLg8EU3lreWulAUpch4JBjDMtlKosrBzkr0kwKgL9iCfjA8L3geoA==

"@rollup/rollup-linux-powerpc64le-gnu@4.19.2":
  version "4.19.2"
  resolved "https://registry.npmmirror.com/@rollup/rollup-linux-powerpc64le-gnu/-/rollup-linux-powerpc64le-gnu-4.19.2.tgz#4df9be1396ea9eb0ca99fd0f2e858008d7f063e3"
  integrity sha512-rhjvoPBhBwVnJRq/+hi2Q3EMiVF538/o9dBuj9TVLclo9DuONqt5xfWSaE6MYiFKpo/lFPJ/iSI72rYWw5Hc7w==

"@rollup/rollup-linux-riscv64-gnu@4.19.2":
  version "4.19.2"
  resolved "https://registry.npmmirror.com/@rollup/rollup-linux-riscv64-gnu/-/rollup-linux-riscv64-gnu-4.19.2.tgz#80d63c5562915a2f8616a04251fcaee0218112b0"
  integrity sha512-EAz6vjPwHHs2qOCnpQkw4xs14XJq84I81sDRGPEjKPFVPBw7fwvtwhVjcZR6SLydCv8zNK8YGFblKWd/vRmP8g==

"@rollup/rollup-linux-s390x-gnu@4.19.2":
  version "4.19.2"
  resolved "https://registry.npmmirror.com/@rollup/rollup-linux-s390x-gnu/-/rollup-linux-s390x-gnu-4.19.2.tgz#ef62e9bc5cc3b84fcfe96ec0a42d1989691217b3"
  integrity sha512-IJSUX1xb8k/zN9j2I7B5Re6B0NNJDJ1+soezjNojhT8DEVeDNptq2jgycCOpRhyGj0+xBn7Cq+PK7Q+nd2hxLA==

"@rollup/rollup-linux-x64-gnu@4.19.2":
  version "4.19.2"
  resolved "https://registry.npmmirror.com/@rollup/rollup-linux-x64-gnu/-/rollup-linux-x64-gnu-4.19.2.tgz#6a275282a0080fee98ddd9fda0de23c4c6bafd48"
  integrity sha512-OgaToJ8jSxTpgGkZSkwKE+JQGihdcaqnyHEFOSAU45utQ+yLruE1dkonB2SDI8t375wOKgNn8pQvaWY9kPzxDQ==

"@rollup/rollup-linux-x64-musl@4.19.2":
  version "4.19.2"
  resolved "https://registry.npmmirror.com/@rollup/rollup-linux-x64-musl/-/rollup-linux-x64-musl-4.19.2.tgz#64f0c704107e6b45b26dd8c2e1ff64246e4a1251"
  integrity sha512-5V3mPpWkB066XZZBgSd1lwozBk7tmOkKtquyCJ6T4LN3mzKENXyBwWNQn8d0Ci81hvlBw5RoFgleVpL6aScLYg==

"@rollup/rollup-win32-arm64-msvc@4.19.2":
  version "4.19.2"
  resolved "https://registry.npmmirror.com/@rollup/rollup-win32-arm64-msvc/-/rollup-win32-arm64-msvc-4.19.2.tgz#bada17b0c5017ff58d0feba401c43ff5a646c693"
  integrity sha512-ayVstadfLeeXI9zUPiKRVT8qF55hm7hKa+0N1V6Vj+OTNFfKSoUxyZvzVvgtBxqSb5URQ8sK6fhwxr9/MLmxdA==

"@rollup/rollup-win32-ia32-msvc@4.19.2":
  version "4.19.2"
  resolved "https://registry.npmmirror.com/@rollup/rollup-win32-ia32-msvc/-/rollup-win32-ia32-msvc-4.19.2.tgz#a716d862f6ac39d88bdb825e27f63aeb0387cd66"
  integrity sha512-Mda7iG4fOLHNsPqjWSjANvNZYoW034yxgrndof0DwCy0D3FvTjeNo+HGE6oGWgvcLZNLlcp0hLEFcRs+UGsMLg==

"@rollup/rollup-win32-x64-msvc@4.19.2":
  version "4.19.2"
  resolved "https://registry.npmmirror.com/@rollup/rollup-win32-x64-msvc/-/rollup-win32-x64-msvc-4.19.2.tgz"
  integrity sha512-DPi0ubYhSow/00YqmG1jWm3qt1F8aXziHc/UNy8bo9cpCacqhuWu+iSq/fp2SyEQK7iYTZ60fBU9cat3MXTjIQ==

"@types/estree@1.0.5":
  version "1.0.5"
  resolved "https://registry.npmmirror.com/@types/estree/-/estree-1.0.5.tgz"
  integrity sha512-/kYRxGDLWzHOB7q+wtSUQlFrtcdUccpfy+X+9iMBpHK8QLLhx2wIPYuS5DYtR9Wa/YlZAbIovy7qVdB1Aq6Lyw==

"@types/parse-json@^4.0.0":
  version "4.0.2"
  resolved "https://registry.npmmirror.com/@types/parse-json/-/parse-json-4.0.2.tgz#5950e50960793055845e956c427fc2b0d70c5239"
  integrity sha512-dISoDXWWQwUquiKsyZ4Ng+HX2KsPL7LyHKHQwgGFEA3IaKac4Obd+h2a/a6waisAoepJlBcx9paWqjA8/HVjCw==

"@vitejs/plugin-vue@^5.0.5":
  version "5.1.2"
  resolved "https://registry.npmmirror.com/@vitejs/plugin-vue/-/plugin-vue-5.1.2.tgz"
  integrity sha512-nY9IwH12qeiJqumTCLJLE7IiNx7HZ39cbHaysEUd+Myvbz9KAqd2yq+U01Kab1R/H1BmiyM2ShTYlNH32Fzo3A==

"@vue/compiler-core@3.4.35":
  version "3.4.35"
  resolved "https://registry.npmmirror.com/@vue/compiler-core/-/compiler-core-3.4.35.tgz"
  integrity sha512-gKp0zGoLnMYtw4uS/SJRRO7rsVggLjvot3mcctlMXunYNsX+aRJDqqw/lV5/gHK91nvaAAlWFgdVl020AW1Prg==
  dependencies:
    "@babel/parser" "^7.24.7"
    "@vue/shared" "3.4.35"
    entities "^4.5.0"
    estree-walker "^2.0.2"
    source-map-js "^1.2.0"

"@vue/compiler-dom@3.4.35":
  version "3.4.35"
  resolved "https://registry.npmmirror.com/@vue/compiler-dom/-/compiler-dom-3.4.35.tgz"
  integrity sha512-pWIZRL76/oE/VMhdv/ovZfmuooEni6JPG1BFe7oLk5DZRo/ImydXijoZl/4kh2406boRQ7lxTYzbZEEXEhj9NQ==
  dependencies:
    "@vue/compiler-core" "3.4.35"
    "@vue/shared" "3.4.35"

"@vue/compiler-sfc@3.4.35":
  version "3.4.35"
  resolved "https://registry.npmmirror.com/@vue/compiler-sfc/-/compiler-sfc-3.4.35.tgz"
  integrity sha512-xacnRS/h/FCsjsMfxBkzjoNxyxEyKyZfBch/P4vkLRvYJwe5ChXmZZrj8Dsed/752H2Q3JE8kYu9Uyha9J6PgA==
  dependencies:
    "@babel/parser" "^7.24.7"
    "@vue/compiler-core" "3.4.35"
    "@vue/compiler-dom" "3.4.35"
    "@vue/compiler-ssr" "3.4.35"
    "@vue/shared" "3.4.35"
    estree-walker "^2.0.2"
    magic-string "^0.30.10"
    postcss "^8.4.40"
    source-map-js "^1.2.0"

"@vue/compiler-ssr@3.4.35":
  version "3.4.35"
  resolved "https://registry.npmmirror.com/@vue/compiler-ssr/-/compiler-ssr-3.4.35.tgz"
  integrity sha512-7iynB+0KB1AAJKk/biENTV5cRGHRdbdaD7Mx3nWcm1W8bVD6QmnH3B4AHhQQ1qZHhqFwzEzMwiytXm3PX1e60A==
  dependencies:
    "@vue/compiler-dom" "3.4.35"
    "@vue/shared" "3.4.35"

"@vue/reactivity@3.4.35":
  version "3.4.35"
  resolved "https://registry.npmmirror.com/@vue/reactivity/-/reactivity-3.4.35.tgz"
  integrity sha512-Ggtz7ZZHakriKioveJtPlStYardwQH6VCs9V13/4qjHSQb/teE30LVJNrbBVs4+aoYGtTQKJbTe4CWGxVZrvEw==
  dependencies:
    "@vue/shared" "3.4.35"

"@vue/runtime-core@3.4.35":
  version "3.4.35"
  resolved "https://registry.npmmirror.com/@vue/runtime-core/-/runtime-core-3.4.35.tgz"
  integrity sha512-D+BAjFoWwT5wtITpSxwqfWZiBClhBbR+bm0VQlWYFOadUUXFo+5wbe9ErXhLvwguPiLZdEF13QAWi2vP3ZD5tA==
  dependencies:
    "@vue/reactivity" "3.4.35"
    "@vue/shared" "3.4.35"

"@vue/runtime-dom@3.4.35":
  version "3.4.35"
  resolved "https://registry.npmmirror.com/@vue/runtime-dom/-/runtime-dom-3.4.35.tgz"
  integrity sha512-yGOlbos+MVhlS5NWBF2HDNgblG8e2MY3+GigHEyR/dREAluvI5tuUUgie3/9XeqhPE4LF0i2wjlduh5thnfOqw==
  dependencies:
    "@vue/reactivity" "3.4.35"
    "@vue/runtime-core" "3.4.35"
    "@vue/shared" "3.4.35"
    csstype "^3.1.3"

"@vue/server-renderer@3.4.35":
  version "3.4.35"
  resolved "https://registry.npmmirror.com/@vue/server-renderer/-/server-renderer-3.4.35.tgz"
  integrity sha512-iZ0e/u9mRE4T8tNhlo0tbA+gzVkgv8r5BX6s1kRbOZqfpq14qoIvCZ5gIgraOmYkMYrSEZgkkojFPr+Nyq/Mnw==
  dependencies:
    "@vue/compiler-ssr" "3.4.35"
    "@vue/shared" "3.4.35"

"@vue/shared@3.4.35":
  version "3.4.35"
  resolved "https://registry.npmmirror.com/@vue/shared/-/shared-3.4.35.tgz"
  integrity sha512-hvuhBYYDe+b1G8KHxsQ0diDqDMA8D9laxWZhNAjE83VZb5UDaXl9Xnz7cGdDSyiHM90qqI/CyGMcpBpiDy6VVQ==

ansi-styles@^3.2.1:
  version "3.2.1"
  resolved "https://registry.npmmirror.com/ansi-styles/-/ansi-styles-3.2.1.tgz#41fbb20243e50b12be0f04b8dedbf07520ce841d"
  integrity sha512-VT0ZI6kZRdTh8YyJw3SMbYm/u+NqfsAxEpWO0Pf9sq8/e94WxxOpPKx9FR1FlyCtOVDNOQ+8ntlqFxiRc+r5qA==
  dependencies:
    color-convert "^1.9.0"

babel-plugin-macros@^2.6.1:
  version "2.8.0"
  resolved "https://registry.npmmirror.com/babel-plugin-macros/-/babel-plugin-macros-2.8.0.tgz#0f958a7cc6556b1e65344465d99111a1e5e10138"
  integrity sha512-SEP5kJpfGYqYKpBrj5XU3ahw5p5GOHJ0U5ssOSQ/WBVdwkD2Dzlce95exQTs3jOVWPPKLBN2rlEWkCK7dSmLvg==
  dependencies:
    "@babel/runtime" "^7.7.2"
    cosmiconfig "^6.0.0"
    resolve "^1.12.0"

babel-plugin-preval@^4.0.0:
  version "4.0.0"
  resolved "https://registry.npmmirror.com/babel-plugin-preval/-/babel-plugin-preval-4.0.0.tgz#edb8501167985752aafcc31086791e1314052e9d"
  integrity sha512-fZI/4cYneinlj2k/FsXw0/lTWSC5KKoepUueS1g25Gb5vx3GrRyaVwxWCshYqx11GEU4mZnbbFhee8vpquFS2w==
  dependencies:
    "@babel/runtime" "^7.7.2"
    babel-plugin-macros "^2.6.1"
    require-from-string "^2.0.2"

callsites@^3.0.0:
  version "3.1.0"
  resolved "https://registry.npmmirror.com/callsites/-/callsites-3.1.0.tgz#b3630abd8943432f54b3f0519238e33cd7df2f73"
  integrity sha512-P8BjAsXvZS+VIDUI11hHCQEv74YT67YUi5JJFNWIqL235sBmjX4+qx9Muvls5ivyNENctx46xQLQ3aTuE7ssaQ==

chalk@^2.4.2:
  version "2.4.2"
  resolved "https://registry.npmmirror.com/chalk/-/chalk-2.4.2.tgz#cd42541677a54333cf541a49108c1432b44c9424"
  integrity sha512-Mti+f9lpJNcwF4tWV8/OrTTtF1gZi+f8FqlyAdouralcFWFQWF2+NgCHShjkCb+IFBLq9buZwE1xckQU4peSuQ==
  dependencies:
    ansi-styles "^3.2.1"
    escape-string-regexp "^1.0.5"
    supports-color "^5.3.0"

color-convert@^1.9.0:
  version "1.9.3"
  resolved "https://registry.npmmirror.com/color-convert/-/color-convert-1.9.3.tgz#bb71850690e1f136567de629d2d5471deda4c1e8"
  integrity sha512-QfAUtd+vFdAtFQcC8CCyYt1fYWxSqAiK2cSD6zDB8N3cpsEBAvRxp9zOGg6G/SHHJYAT88/az/IuDGALsNVbGg==
  dependencies:
    color-name "1.1.3"

color-name@1.1.3:
  version "1.1.3"
  resolved "https://registry.npmmirror.com/color-name/-/color-name-1.1.3.tgz#a7d0558bd89c42f795dd42328f740831ca53bc25"
  integrity sha512-72fSenhMw2HZMTVHeCA9KCmpEIbzWiQsjN+BHcBbS9vr1mtt+vJjPdksIBNUmKAW8TFUDPJK5SUU3QhE9NEXDw==

commander@~1.1.1:
  version "1.1.1"
  resolved "https://registry.npmmirror.com/commander/-/commander-1.1.1.tgz#50d1651868ae60eccff0a2d9f34595376bc6b041"
  integrity sha512-71Rod2AhcH3JhkBikVpNd0pA+fWsmAaVoti6OR38T76chA7vE3pSerS0Jor4wDw+tOueD2zLVvFOw5H0Rcj7rA==
  dependencies:
    keypress "0.1.x"

cosmiconfig@^6.0.0:
  version "6.0.0"
  resolved "https://registry.npmmirror.com/cosmiconfig/-/cosmiconfig-6.0.0.tgz#da4fee853c52f6b1e6935f41c1a2fc50bd4a9982"
  integrity sha512-xb3ZL6+L8b9JLLCx3ZdoZy4+2ECphCMo2PwqgP1tlfVq6M6YReyzBJtvWWtbDSpNr9hn96pkCiZqUcFEc+54Qg==
  dependencies:
    "@types/parse-json" "^4.0.0"
    import-fresh "^3.1.0"
    parse-json "^5.0.0"
    path-type "^4.0.0"
    yaml "^1.7.2"

crypto-js@^4.2.0:
  version "4.2.0"
  resolved "https://registry.npmmirror.com/crypto-js/-/crypto-js-4.2.0.tgz"
  integrity sha512-KALDyEYgpY+Rlob/iriUtjV6d5Eq+Y191A5g4UqLAi8CyGP9N1+FdVbkc1SxKc2r4YAYqG8JzO2KGL+AizD70Q==

csstype@^3.1.3:
  version "3.1.3"
  resolved "https://registry.npmmirror.com/csstype/-/csstype-3.1.3.tgz"
  integrity sha512-M1uQkMl8rQK/szD0LNhtqxIPLpimGm8sOBwU7lLnCpSbTyY3yeU1Vc7l4KT5zT4s/yOxHH5O7tIuuLOCnLADRw==

entities@^4.5.0:
  version "4.5.0"
  resolved "https://registry.npmmirror.com/entities/-/entities-4.5.0.tgz"
  integrity sha512-V0hjH4dGPh9Ao5p0MoRY6BVqtwCjhz6vI5LT8AJ55H+4g9/4vbHx1I54fS0XuclLhDHArPQCiMjDxjaL8fPxhw==

error-ex@^1.3.1:
  version "1.3.2"
  resolved "https://registry.npmmirror.com/error-ex/-/error-ex-1.3.2.tgz#b4ac40648107fdcdcfae242f428bea8a14d4f1bf"
  integrity sha512-7dFHNmqeFSEt2ZBsCriorKnn3Z2pj+fd9kmI6QoWw4//DL+icEBfc0U7qJCisqrTsKTjw4fNFy2pW9OqStD84g==
  dependencies:
    is-arrayish "^0.2.1"

esbuild@^0.21.3:
  version "0.21.5"
  resolved "https://registry.npmmirror.com/esbuild/-/esbuild-0.21.5.tgz"
  integrity sha512-mg3OPMV4hXywwpoDxu3Qda5xCKQi+vCTZq8S9J/EpkhB2HzKXq4SNFZE3+NK93JYxc8VMSep+lOUSC/RVKaBqw==
  optionalDependencies:
    "@esbuild/aix-ppc64" "0.21.5"
    "@esbuild/android-arm" "0.21.5"
    "@esbuild/android-arm64" "0.21.5"
    "@esbuild/android-x64" "0.21.5"
    "@esbuild/darwin-arm64" "0.21.5"
    "@esbuild/darwin-x64" "0.21.5"
    "@esbuild/freebsd-arm64" "0.21.5"
    "@esbuild/freebsd-x64" "0.21.5"
    "@esbuild/linux-arm" "0.21.5"
    "@esbuild/linux-arm64" "0.21.5"
    "@esbuild/linux-ia32" "0.21.5"
    "@esbuild/linux-loong64" "0.21.5"
    "@esbuild/linux-mips64el" "0.21.5"
    "@esbuild/linux-ppc64" "0.21.5"
    "@esbuild/linux-riscv64" "0.21.5"
    "@esbuild/linux-s390x" "0.21.5"
    "@esbuild/linux-x64" "0.21.5"
    "@esbuild/netbsd-x64" "0.21.5"
    "@esbuild/openbsd-x64" "0.21.5"
    "@esbuild/sunos-x64" "0.21.5"
    "@esbuild/win32-arm64" "0.21.5"
    "@esbuild/win32-ia32" "0.21.5"
    "@esbuild/win32-x64" "0.21.5"

escape-string-regexp@^1.0.5:
  version "1.0.5"
  resolved "https://registry.npmmirror.com/escape-string-regexp/-/escape-string-regexp-1.0.5.tgz#1b61c0562190a8dff6ae3bb2cf0200ca130b86d4"
  integrity sha512-vbRorB5FUQWvla16U8R/qgaFIya2qGzwDrNmCZuYKrbdSUMG6I1ZCGQRefkRVhuOkIGVne7BQ35DSfo1qvJqFg==

estree-walker@^2.0.2:
  version "2.0.2"
  resolved "https://registry.npmmirror.com/estree-walker/-/estree-walker-2.0.2.tgz"
  integrity sha512-Rfkk/Mp/DL7JVje3u18FxFujQlTNR2q6QfMSMB7AvCBx91NGj/ba3kCfza0f6dVDbw7YlRf/nDrn7pQrCCyQ/w==

fsevents@~2.3.2, fsevents@~2.3.3:
  version "2.3.3"
  resolved "https://registry.npmmirror.com/fsevents/-/fsevents-2.3.3.tgz#cac6407785d03675a2a5e1a5305c697b347d90d6"
  integrity sha512-5xoDfX+fL7faATnagmWPpbFtwh/R77WmMMqqHGS65C3vvB0YHrgF+B1YmZ3441tMj5n63k0212XNoJwzlhffQw==

function-bind@^1.1.2:
  version "1.1.2"
  resolved "https://registry.npmmirror.com/function-bind/-/function-bind-1.1.2.tgz#2c02d864d97f3ea6c8830c464cbd11ab6eab7a1c"
  integrity sha512-7XHNxH7qX9xG5mIwxkhumTox/MIRNcOgDrxWsMt2pAr23WHp6MrRlN7FBSFpCpr+oVO0F744iUgR82nJMfG2SA==

has-flag@^3.0.0:
  version "3.0.0"
  resolved "https://registry.npmmirror.com/has-flag/-/has-flag-3.0.0.tgz#b5d454dc2199ae225699f3467e5a07f3b955bafd"
  integrity sha512-sKJf1+ceQBr4SMkvQnBDNDtf4TXpVhVGateu0t918bl30FnbE2m4vNLX+VWe/dpjlb+HugGYzW7uQXH98HPEYw==

hasown@^2.0.2:
  version "2.0.2"
  resolved "https://registry.npmmirror.com/hasown/-/hasown-2.0.2.tgz#003eaf91be7adc372e84ec59dc37252cedb80003"
  integrity sha512-0hJU9SCPvmMzIBdZFqNPXWa6dqh7WdH0cII9y+CyS8rG3nL48Bclra9HmKhVVUHyPWNH5Y7xDwAB7bfgSjkUMQ==
  dependencies:
    function-bind "^1.1.2"

import-fresh@^3.1.0:
  version "3.3.0"
  resolved "https://registry.npmmirror.com/import-fresh/-/import-fresh-3.3.0.tgz#37162c25fcb9ebaa2e6e53d5b4d88ce17d9e0c2b"
  integrity sha512-veYYhQa+D1QBKznvhUHxb8faxlrwUnxseDAbAp457E0wLNio2bOSKnjYDhMj+YiAq61xrMGhQk9iXVk5FzgQMw==
  dependencies:
    parent-module "^1.0.0"
    resolve-from "^4.0.0"

is-arrayish@^0.2.1:
  version "0.2.1"
  resolved "https://registry.npmmirror.com/is-arrayish/-/is-arrayish-0.2.1.tgz#77c99840527aa8ecb1a8ba697b80645a7a926a9d"
  integrity sha512-zz06S8t0ozoDXMG+ube26zeCTNXcKIPJZJi8hBrF4idCLms4CG9QtK7qBl1boi5ODzFpjswb5JPmHCbMpjaYzg==

is-core-module@^2.13.0:
  version "2.15.0"
  resolved "https://registry.npmmirror.com/is-core-module/-/is-core-module-2.15.0.tgz#71c72ec5442ace7e76b306e9d48db361f22699ea"
  integrity sha512-Dd+Lb2/zvk9SKy1TGCt1wFJFo/MWBPMX5x7KcvLajWTGuomczdQX61PvY5yK6SVACwpoexWo81IfFyoKY2QnTA==
  dependencies:
    hasown "^2.0.2"

js-md5@^0.8.3:
  version "0.8.3"
  resolved "https://registry.npmjs.org/js-md5/-/js-md5-0.8.3.tgz"
  integrity sha512-qR0HB5uP6wCuRMrWPTrkMaev7MJZwJuuw4fnwAzRgP4J4/F8RwtodOKpGp4XpqsLBFzzgqIO42efFAyz2Et6KQ==

js-tokens@^4.0.0:
  version "4.0.0"
  resolved "https://registry.npmmirror.com/js-tokens/-/js-tokens-4.0.0.tgz#19203fb59991df98e3a287050d4647cdeaf32499"
  integrity sha512-RdJUflcE3cUzKiMqQgsCu06FPu9UdIJO0beYbPhHN4k6apgJtifcoCtT9bcxOpYBtpD2kCM6Sbzg4CausW/PKQ==

json-parse-even-better-errors@^2.3.0:
  version "2.3.1"
  resolved "https://registry.npmmirror.com/json-parse-even-better-errors/-/json-parse-even-better-errors-2.3.1.tgz#7c47805a94319928e05777405dc12e1f7a4ee02d"
  integrity sha512-xyFwyhro/JEof6Ghe2iz2NcXoj2sloNsWr/XsERDK/oiPCfaNhl5ONfp+jQdAZRQQ0IJWNzH9zIZF7li91kh2w==

keypress@0.1.x:
  version "0.1.0"
  resolved "https://registry.npmmirror.com/keypress/-/keypress-0.1.0.tgz#4a3188d4291b66b4f65edb99f806aa9ae293592a"
  integrity sha512-x0yf9PL/nx9Nw9oLL8ZVErFAk85/lslwEP7Vz7s5SI1ODXZIgit3C5qyWjw4DxOuO/3Hb4866SQh28a1V1d+WA==

lines-and-columns@^1.1.6:
  version "1.2.4"
  resolved "https://registry.npmmirror.com/lines-and-columns/-/lines-and-columns-1.2.4.tgz#eca284f75d2965079309dc0ad9255abb2ebc1632"
  integrity sha512-7ylylesZQ/PV29jhEDl3Ufjo6ZX7gCqJr5F7PKrqc93v7fzSymt1BpwEU8nAUXs8qzzvqhbjhK5QZg6Mt/HkBg==

magic-string@^0.30.10:
  version "0.30.11"
  resolved "https://registry.npmmirror.com/magic-string/-/magic-string-0.30.11.tgz"
  integrity sha512-+Wri9p0QHMy+545hKww7YAu5NyzF8iomPL/RQazugQ9+Ez4Ic3mERMd8ZTX5rfK944j+560ZJi8iAwgak1Ac7A==
  dependencies:
    "@jridgewell/sourcemap-codec" "^1.5.0"

nanoid@^3.3.7:
  version "3.3.7"
  resolved "https://registry.npmmirror.com/nanoid/-/nanoid-3.3.7.tgz"
  integrity sha512-eSRppjcPIatRIMC1U6UngP8XFcz8MQWGQdt1MTBQ7NaAmvXDfvNxbvWV3x2y6CdEUciCSsDHDQZbhYaB8QEo2g==

parent-module@^1.0.0:
  version "1.0.1"
  resolved "https://registry.npmmirror.com/parent-module/-/parent-module-1.0.1.tgz#691d2709e78c79fae3a156622452d00762caaaa2"
  integrity sha512-GQ2EWRpQV8/o+Aw8YqtfZZPfNRWZYkbidE9k5rpl/hC3vtHHBfGm2Ifi6qWV+coDGkrUKZAxE3Lot5kcsRlh+g==
  dependencies:
    callsites "^3.0.0"

parse-json@^5.0.0:
  version "5.2.0"
  resolved "https://registry.npmmirror.com/parse-json/-/parse-json-5.2.0.tgz#c76fc66dee54231c962b22bcc8a72cf2f99753cd"
  integrity sha512-ayCKvm/phCGxOkYRSCM82iDwct8/EonSEgCSxWxD7ve6jHggsFl4fZVQBPRNgQoKiuV/odhFrGzQXZwbifC8Rg==
  dependencies:
    "@babel/code-frame" "^7.0.0"
    error-ex "^1.3.1"
    json-parse-even-better-errors "^2.3.0"
    lines-and-columns "^1.1.6"

path-parse@^1.0.7:
  version "1.0.7"
  resolved "https://registry.npmmirror.com/path-parse/-/path-parse-1.0.7.tgz#fbc114b60ca42b30d9daf5858e4bd68bbedb6735"
  integrity sha512-LDJzPVEEEPR+y48z93A0Ed0yXb8pAByGWo/k5YYdYgpY2/2EsOsksJrq7lOHxryrVOn1ejG6oAp8ahvOIQD8sw==

path-type@^4.0.0:
  version "4.0.0"
  resolved "https://registry.npmmirror.com/path-type/-/path-type-4.0.0.tgz#84ed01c0a7ba380afe09d90a8c180dcd9d03043b"
  integrity sha512-gDKb8aZMDeD/tZWs9P6+q0J9Mwkdl6xMV8TjnGP3qJVJ06bdMgkbBlLU8IdfOsIsFz2BW1rNVT3XuNEl8zPAvw==

picocolors@^1.0.0, picocolors@^1.0.1:
  version "1.0.1"
  resolved "https://registry.npmmirror.com/picocolors/-/picocolors-1.0.1.tgz#a8ad579b571952f0e5d25892de5445bcfe25aaa1"
  integrity sha512-anP1Z8qwhkbmu7MFP5iTt+wQKXgwzf7zTyGlcdzabySa9vd0Xt392U0rVmz9poOaBj0uHJKyyo9/upk0HrEQew==

pinyin@^4.0.0-alpha.2:
  version "4.0.0-alpha.2"
  resolved "https://registry.npmmirror.com/pinyin/-/pinyin-4.0.0-alpha.2.tgz#336fca765b834794b60bc9377844b7d263fbf23c"
  integrity sha512-SED2wWr1X0QwH6rXIDgg20zS1mAk0AVMO8eM3KomUlOYzC8mNMWZnspZWhhI0M8MBIbF2xwa+5r30jTSjAqNsg==
  dependencies:
    commander "~1.1.1"

postcss@^8.4.39, postcss@^8.4.40:
  version "8.4.40"
  resolved "https://registry.npmmirror.com/postcss/-/postcss-8.4.40.tgz"
  integrity sha512-YF2kKIUzAofPMpfH6hOi2cGnv/HrUlfucspc7pDyvv7kGdqXrfj8SCl/t8owkEgKEuu8ZcRjSOxFxVLqwChZ2Q==
  dependencies:
    nanoid "^3.3.7"
    picocolors "^1.0.1"
    source-map-js "^1.2.0"

preval.macro@^4.0.0:
  version "4.0.0"
  resolved "https://registry.npmmirror.com/preval.macro/-/preval.macro-4.0.0.tgz#24218fa36f68bf8a01a8c65c45d19a3ccad6496c"
  integrity sha512-sJJnE71X+MPr64CVD2AurmUj4JEDqbudYbStav3L9Xjcqm4AR0ymMm6sugw1mUmfI/7gw4JWA4JXo/k6w34crw==
  dependencies:
    babel-plugin-preval "^4.0.0"

regenerator-runtime@^0.14.0:
  version "0.14.1"
  resolved "https://registry.npmmirror.com/regenerator-runtime/-/regenerator-runtime-0.14.1.tgz#356ade10263f685dda125100cd862c1db895327f"
  integrity sha512-dYnhHh0nJoMfnkZs6GmmhFknAGRrLznOu5nc9ML+EJxGvrx6H7teuevqVqCuPcPK//3eDrrjQhehXVx9cnkGdw==

require-from-string@^2.0.2:
  version "2.0.2"
  resolved "https://registry.npmmirror.com/require-from-string/-/require-from-string-2.0.2.tgz#89a7fdd938261267318eafe14f9c32e598c36909"
  integrity sha512-Xf0nWe6RseziFMu+Ap9biiUbmplq6S9/p+7w7YXP/JBHhrUDDUhwa+vANyubuqfZWTveU//DYVGsDG7RKL/vEw==

resolve-from@^4.0.0:
  version "4.0.0"
  resolved "https://registry.npmmirror.com/resolve-from/-/resolve-from-4.0.0.tgz#4abcd852ad32dd7baabfe9b40e00a36db5f392e6"
  integrity sha512-pb/MYmXstAkysRFx8piNI1tGFNQIFA3vkE3Gq4EuA1dF6gHp/+vgZqsCGJapvy8N3Q+4o7FwvquPJcnZ7RYy4g==

resolve@^1.12.0:
  version "1.22.8"
  resolved "https://registry.npmmirror.com/resolve/-/resolve-1.22.8.tgz#b6c87a9f2aa06dfab52e3d70ac8cde321fa5a48d"
  integrity sha512-oKWePCxqpd6FlLvGV1VU0x7bkPmmCNolxzjMf4NczoDnQcIWrAF+cPtZn5i6n+RfD2d9i0tzpKnG6Yk168yIyw==
  dependencies:
    is-core-module "^2.13.0"
    path-parse "^1.0.7"
    supports-preserve-symlinks-flag "^1.0.0"

rollup@^4.13.0:
  version "4.19.2"
  resolved "https://registry.npmmirror.com/rollup/-/rollup-4.19.2.tgz"
  integrity sha512-6/jgnN1svF9PjNYJ4ya3l+cqutg49vOZ4rVgsDKxdl+5gpGPnByFXWGyfH9YGx9i3nfBwSu1Iyu6vGwFFA0BdQ==
  dependencies:
    "@types/estree" "1.0.5"
  optionalDependencies:
    "@rollup/rollup-android-arm-eabi" "4.19.2"
    "@rollup/rollup-android-arm64" "4.19.2"
    "@rollup/rollup-darwin-arm64" "4.19.2"
    "@rollup/rollup-darwin-x64" "4.19.2"
    "@rollup/rollup-linux-arm-gnueabihf" "4.19.2"
    "@rollup/rollup-linux-arm-musleabihf" "4.19.2"
    "@rollup/rollup-linux-arm64-gnu" "4.19.2"
    "@rollup/rollup-linux-arm64-musl" "4.19.2"
    "@rollup/rollup-linux-powerpc64le-gnu" "4.19.2"
    "@rollup/rollup-linux-riscv64-gnu" "4.19.2"
    "@rollup/rollup-linux-s390x-gnu" "4.19.2"
    "@rollup/rollup-linux-x64-gnu" "4.19.2"
    "@rollup/rollup-linux-x64-musl" "4.19.2"
    "@rollup/rollup-win32-arm64-msvc" "4.19.2"
    "@rollup/rollup-win32-ia32-msvc" "4.19.2"
    "@rollup/rollup-win32-x64-msvc" "4.19.2"
    fsevents "~2.3.2"

segmentit@^2.0.3:
  version "2.0.3"
  resolved "https://registry.npmmirror.com/segmentit/-/segmentit-2.0.3.tgz#799897667acbc518b27811acdb2a341a79c7973f"
  integrity sha512-7mn2XL3OdTUQ+AhHz7SbgyxLTaQRzTWQNVwiK+UlTO8aePGbSwvKUzTwE4238+OUY9MoR6ksAg35zl8sfTunQQ==
  dependencies:
    preval.macro "^4.0.0"

source-map-js@^1.2.0:
  version "1.2.0"
  resolved "https://registry.npmmirror.com/source-map-js/-/source-map-js-1.2.0.tgz"
  integrity sha512-itJW8lvSA0TXEphiRoawsCksnlf8SyvmFzIhltqAHluXd88pkCd+cXJVHTDwdCr0IzwptSm035IHQktUu1QUMg==

supports-color@^5.3.0:
  version "5.5.0"
  resolved "https://registry.npmmirror.com/supports-color/-/supports-color-5.5.0.tgz#e2e69a44ac8772f78a1ec0b35b689df6530efc8f"
  integrity sha512-QjVjwdXIt408MIiAqCX4oUKsgU2EqAGzs2Ppkm4aQYbjm+ZEWEcW4SfFNTr4uMNZma0ey4f5lgLrkB0aX0QMow==
  dependencies:
    has-flag "^3.0.0"

supports-preserve-symlinks-flag@^1.0.0:
  version "1.0.0"
  resolved "https://registry.npmmirror.com/supports-preserve-symlinks-flag/-/supports-preserve-symlinks-flag-1.0.0.tgz#6eda4bd344a3c94aea376d4cc31bc77311039e09"
  integrity sha512-ot0WnXS9fgdkgIcePe6RHNk1WA8+muPa6cSjeR3V8K27q9BB1rTE3R1p7Hv0z1ZyAc8s6Vvv8DIyWf681MAt0w==

to-fast-properties@^2.0.0:
  version "2.0.0"
  resolved "https://registry.npmmirror.com/to-fast-properties/-/to-fast-properties-2.0.0.tgz"
  integrity sha512-/OaKK0xYrs3DmxRYqL/yDc+FxFUVYhDlXMhRmv3z915w2HF1tnN1omB354j8VUGO/hbRzyD6Y3sA7v7GS/ceog==

vite@^5.3.4:
  version "5.3.5"
  resolved "https://registry.npmmirror.com/vite/-/vite-5.3.5.tgz"
  integrity sha512-MdjglKR6AQXQb9JGiS7Rc2wC6uMjcm7Go/NHNO63EwiJXfuk9PgqiP/n5IDJCziMkfw9n4Ubp7lttNwz+8ZVKA==
  dependencies:
    esbuild "^0.21.3"
    postcss "^8.4.39"
    rollup "^4.13.0"
  optionalDependencies:
    fsevents "~2.3.3"

vue@^3.4.31:
  version "3.4.35"
  resolved "https://registry.npmmirror.com/vue/-/vue-3.4.35.tgz"
  integrity sha512-+fl/GLmI4GPileHftVlCdB7fUL4aziPcqTudpTGXCT8s+iZWuOCeNEB5haX6Uz2IpRrbEXOgIFbe+XciCuGbNQ==
  dependencies:
    "@vue/compiler-dom" "3.4.35"
    "@vue/compiler-sfc" "3.4.35"
    "@vue/runtime-dom" "3.4.35"
    "@vue/server-renderer" "3.4.35"
    "@vue/shared" "3.4.35"

yaml@^1.7.2:
  version "1.10.2"
  resolved "https://registry.npmmirror.com/yaml/-/yaml-1.10.2.tgz#2301c5ffbf12b467de8da2333a459e29e7920e4b"
  integrity sha512-r3vXyErRCYJ7wg28yvBY5VSoAF8ZvlcW9/BwUzEtUsjvX/DKs24dIkuwjtuprwJJHsbyUbLApepYTR1BN4uHrg==
